
Microsoft Visual Studio Solution File, Format Version 12.00
# Visual Studio Version 16
VisualStudioVersion = 16.0.29009.5
MinimumVisualStudioVersion = 10.0.40219.1
Project("{FAE04EC0-301F-11D3-BF4B-00C04F79EFBC}") = "Fluctuation", "Fluctuation.csproj", "{59D42EFC-348F-47FD-89F0-4732CF980B15}"
EndProject
Project("{FAE04EC0-301F-11D3-BF4B-00C04F79EFBC}") = "FluctuationTests", "..\FluctuationTests\FluctuationTests.csproj", "{7E313324-46AC-4B0C-B0F1-DD31BDDA6A01}"
EndProject
Global
	GlobalSection(SolutionConfigurationPlatforms) = preSolution
		Debug|Any CPU = Debug|Any CPU
		Release|Any CPU = Release|Any CPU
	EndGlobalSection
	GlobalSection(ProjectConfigurationPlatforms) = postSolution
		{59D42EFC-348F-47FD-89F0-4732CF980B15}.Debug|Any CPU.ActiveCfg = Debug|Any CPU
		{59D42EFC-348F-47FD-89F0-4732CF980B15}.Debug|Any CPU.Build.0 = Debug|Any CPU
		{59D42EFC-348F-47FD-89F0-4732CF980B15}.Release|Any CPU.ActiveCfg = Release|Any CPU
		{59D42EFC-348F-47FD-89F0-4732CF980B15}.Release|Any CPU.Build.0 = Release|Any CPU
		{7E313324-46AC-4B0C-B0F1-DD31BDDA6A01}.Debug|Any CPU.ActiveCfg = Debug|Any CPU
		{7E313324-46AC-4B0C-B0F1-DD31BDDA6A01}.Debug|Any CPU.Build.0 = Debug|Any CPU
		{7E313324-46AC-4B0C-B0F1-DD31BDDA6A01}.Release|Any CPU.ActiveCfg = Release|Any CPU
		{7E313324-46AC-4B0C-B0F1-DD31BDDA6A01}.Release|Any CPU.Build.0 = Release|Any CPU
	EndGlobalSection
	GlobalSection(SolutionProperties) = preSolution
		HideSolutionNode = FALSE
	EndGlobalSection
	GlobalSection(ExtensibilityGlobals) = postSolution
		SolutionGuid = {6B4C574B-2F78-45D3-8BC4-27F1BDD31AD5}
	EndGlobalSection
EndGlobal
